
Microsoft Visual Studio Solution File, Format Version 12.00
# Visual Studio Version 16
VisualStudioVersion = 16.0.30517.126
MinimumVisualStudioVersion = 10.0.40219.1
Project("{FAE04EC0-301F-11D3-BF4B-00C04F79EFBC}") = "Monday", "Monday\Monday.csproj", "{11A0E312-7474-4BDD-8C6E-CC7CE4FFF4A8}"
EndProject
Global
	GlobalSection(SolutionConfigurationPlatforms) = preSolution
		Debug|Any CPU = Debug|Any CPU
		Release|Any CPU = Release|Any CPU
	EndGlobalSection
	GlobalSection(ProjectConfigurationPlatforms) = postSolution
		{11A0E312-7474-4BDD-8C6E-CC7CE4FFF4A8}.Debug|Any CPU.ActiveCfg = Debug|Any CPU
		{11A0E312-7474-4BDD-8C6E-CC7CE4FFF4A8}.Debug|Any CPU.Build.0 = Debug|Any CPU
		{11A0E312-7474-4BDD-8C6E-CC7CE4FFF4A8}.Release|Any CPU.ActiveCfg = Release|Any CPU
		{11A0E312-7474-4BDD-8C6E-CC7CE4FFF4A8}.Release|Any CPU.Build.0 = Release|Any CPU
	EndGlobalSection
	GlobalSection(SolutionProperties) = preSolution
		HideSolutionNode = FALSE
	EndGlobalSection
	GlobalSection(ExtensibilityGlobals) = postSolution
		SolutionGuid = {9497F85A-B6B3-4057-BB80-DE743D59C540}
	EndGlobalSection
EndGlobal
